
Microsoft Visual Studio Solution File, Format Version 12.00
# Visual Studio Version 16
VisualStudioVersion = 16.0.30114.105
MinimumVisualStudioVersion = 10.0.40219.1
Project("{FAE04EC0-301F-11D3-BF4B-00C04F79EFBC}") = "ConsoleApp1", "ConsoleApp1.csproj", "{02BF0C0B-C6D5-48A7-AE83-D700DE8E71FF}"
EndProject
Project("{FAE04EC0-301F-11D3-BF4B-00C04F79EFBC}") = "UnitTestClassOp", "..\UnitTestClassOp\UnitTestClassOp.csproj", "{89A14272-B74A-4B86-B2AE-845420CB7F77}"
	ProjectSection(ProjectDependencies) = postProject
		{02BF0C0B-C6D5-48A7-AE83-D700DE8E71FF} = {02BF0C0B-C6D5-48A7-AE83-D700DE8E71FF}
	EndProjectSection
EndProject
Global
	GlobalSection(SolutionConfigurationPlatforms) = preSolution
		Debug|Any CPU = Debug|Any CPU
		Release|Any CPU = Release|Any CPU
	EndGlobalSection
	GlobalSection(ProjectConfigurationPlatforms) = postSolution
		{02BF0C0B-C6D5-48A7-AE83-D700DE8E71FF}.Debug|Any CPU.ActiveCfg = Debug|Any CPU
		{02BF0C0B-C6D5-48A7-AE83-D700DE8E71FF}.Debug|Any CPU.Build.0 = Debug|Any CPU
		{02BF0C0B-C6D5-48A7-AE83-D700DE8E71FF}.Release|Any CPU.ActiveCfg = Release|Any CPU
		{02BF0C0B-C6D5-48A7-AE83-D700DE8E71FF}.Release|Any CPU.Build.0 = Release|Any CPU
		{89A14272-B74A-4B86-B2AE-845420CB7F77}.Debug|Any CPU.ActiveCfg = Debug|Any CPU
		{89A14272-B74A-4B86-B2AE-845420CB7F77}.Debug|Any CPU.Build.0 = Debug|Any CPU
		{89A14272-B74A-4B86-B2AE-845420CB7F77}.Release|Any CPU.ActiveCfg = Release|Any CPU
		{89A14272-B74A-4B86-B2AE-845420CB7F77}.Release|Any CPU.Build.0 = Release|Any CPU
	EndGlobalSection
	GlobalSection(SolutionProperties) = preSolution
		HideSolutionNode = FALSE
	EndGlobalSection
	GlobalSection(ExtensibilityGlobals) = postSolution
		SolutionGuid = {BEA558E1-0D8A-4F0F-B3B0-824189C54D59}
	EndGlobalSection
EndGlobal
